{
  "name": "app",
  "version": "1.0.0",
  "lockfileVersion": 3,
  "requires": true,
  "packages": {
    "": {
      "name": "app",
      "version": "1.0.0",
      "license": "ISC",
      "dependencies": {
        "@bcfcodeteam/lion-lib-2025": "^1.0.0"
      }
    },
    "node_modules/@bcfcodeteam/lion-lib-2025": {
      "version": "1.0.0",
      "resolved": "https://registry.npmjs.org/@bcfcodeteam/lion-lib-2025/-/lion-lib-2025-1.0.0.tgz",
      "integrity": "sha512-puj98nxo2Fa51bTWXVctGZn2ueSO0b0x1v2cSUEMFroa6jbV9PybDFL3dbYdcGBEu/FY1NblpxqFl37i8hzuiw==",
      "license": "ISC"
    }
  }
}
